
Microsoft Visual Studio Solution File, Format Version 12.00
# Visual Studio Version 16
VisualStudioVersion = 16.0.31613.86
MinimumVisualStudioVersion = 10.0.40219.1
Project("{FAE04EC0-301F-11D3-BF4B-00C04F79EFBC}") = "Lesson1", "Lesson1\Lesson1.csproj", "{A337EADE-0FEF-4C0E-A209-CFB08436400C}"
EndProject
Global
	GlobalSection(SolutionConfigurationPlatforms) = preSolution
		Debug|Any CPU = Debug|Any CPU
		Release|Any CPU = Release|Any CPU
	EndGlobalSection
	GlobalSection(ProjectConfigurationPlatforms) = postSolution
		{A337EADE-0FEF-4C0E-A209-CFB08436400C}.Debug|Any CPU.ActiveCfg = Debug|Any CPU
		{A337EADE-0FEF-4C0E-A209-CFB08436400C}.Debug|Any CPU.Build.0 = Debug|Any CPU
		{A337EADE-0FEF-4C0E-A209-CFB08436400C}.Release|Any CPU.ActiveCfg = Release|Any CPU
		{A337EADE-0FEF-4C0E-A209-CFB08436400C}.Release|Any CPU.Build.0 = Release|Any CPU
	EndGlobalSection
	GlobalSection(SolutionProperties) = preSolution
		HideSolutionNode = FALSE
	EndGlobalSection
	GlobalSection(ExtensibilityGlobals) = postSolution
		SolutionGuid = {A229FD45-9B3E-469F-AF89-E4CFC7C4C782}
	EndGlobalSection
EndGlobal
